
Microsoft Visual Studio Solution File, Format Version 12.00
# Visual Studio Version 17
VisualStudioVersion = 17.9.34728.123
MinimumVisualStudioVersion = 10.0.40219.1
Project("{FAE04EC0-301F-11D3-BF4B-00C04F79EFBC}") = "LinearRegressionCalculator", "LinearRegressionCalculator.csproj", "{CCD90AA6-A861-4AE3-B6CB-500EF4127DF7}"
EndProject
Global
	GlobalSection(SolutionConfigurationPlatforms) = preSolution
		Debug|Any CPU = Debug|Any CPU
		Release|Any CPU = Release|Any CPU
	EndGlobalSection
	GlobalSection(ProjectConfigurationPlatforms) = postSolution
		{CCD90AA6-A861-4AE3-B6CB-500EF4127DF7}.Debug|Any CPU.ActiveCfg = Debug|Any CPU
		{CCD90AA6-A861-4AE3-B6CB-500EF4127DF7}.Debug|Any CPU.Build.0 = Debug|Any CPU
		{CCD90AA6-A861-4AE3-B6CB-500EF4127DF7}.Release|Any CPU.ActiveCfg = Release|Any CPU
		{CCD90AA6-A861-4AE3-B6CB-500EF4127DF7}.Release|Any CPU.Build.0 = Release|Any CPU
	EndGlobalSection
	GlobalSection(SolutionProperties) = preSolution
		HideSolutionNode = FALSE
	EndGlobalSection
	GlobalSection(ExtensibilityGlobals) = postSolution
		SolutionGuid = {4C167DBD-9F06-4B6E-8258-A5F9BF8E478A}
	EndGlobalSection
EndGlobal
